dependencies:
- name: elasticsearch
  repository: https://helm.elastic.co
  version: 7.16.2
- name: kibana
  repository: https://helm.elastic.co
  version: 7.16.3
- name: kube-prometheus-stack
  repository: https://prometheus-community.github.io/helm-charts
  version: 12.0.4
digest: sha256:5caa7c44a1a38bda6196e6176793ebc5a62bae1b5b1e6ef6b4c3f85943a8dd48
generated: "2022-01-14T13:31:03.963506309Z"
