dependencies:
- name: elasticsearch
  repository: https://helm.elastic.co
  version: 7.16.3
- name: kibana
  repository: https://helm.elastic.co
  version: 7.16.3
- name: kube-prometheus-stack
  repository: https://prometheus-community.github.io/helm-charts
  version: 12.0.4
digest: sha256:4d3ed46ab4e4eb4f203cef65e559e2f7dc999c9b3c883e4832e6da67f3f086cb
generated: "2022-01-17T05:30:31.119276869Z"
